
Microsoft Visual Studio Solution File, Format Version 12.00
# Visual Studio Version 17
VisualStudioVersion = 17.0.32014.148
MinimumVisualStudioVersion = 10.0.40219.1
Project("{FAE04EC0-301F-11D3-BF4B-00C04F79EFBC}") = "VoidSharp", "VoidSharp\VoidSharp.csproj", "{ACD3386E-9BE0-466E-A6FD-53809D02FF9A}"
EndProject
Global
	GlobalSection(SolutionConfigurationPlatforms) = preSolution
		Debug|Any CPU = Debug|Any CPU
		Release|Any CPU = Release|Any CPU
	EndGlobalSection
	GlobalSection(ProjectConfigurationPlatforms) = postSolution
		{ACD3386E-9BE0-466E-A6FD-53809D02FF9A}.Debug|Any CPU.ActiveCfg = Debug|Any CPU
		{ACD3386E-9BE0-466E-A6FD-53809D02FF9A}.Debug|Any CPU.Build.0 = Debug|Any CPU
		{ACD3386E-9BE0-466E-A6FD-53809D02FF9A}.Release|Any CPU.ActiveCfg = Release|Any CPU
		{ACD3386E-9BE0-466E-A6FD-53809D02FF9A}.Release|Any CPU.Build.0 = Release|Any CPU
	EndGlobalSection
	GlobalSection(SolutionProperties) = preSolution
		HideSolutionNode = FALSE
	EndGlobalSection
	GlobalSection(ExtensibilityGlobals) = postSolution
		SolutionGuid = {399E3F37-5929-4F4B-9D99-E4200B5D73A2}
	EndGlobalSection
EndGlobal
